
Microsoft Visual Studio Solution File, Format Version 12.00
# Visual Studio Version 17
VisualStudioVersion = 17.9.34701.34
MinimumVisualStudioVersion = 10.0.40219.1
Project("{9A19103F-16F7-4668-BE54-9A1E7A4F7556}") = "DeepSpaceSaga.UI", "DeepSpaceSaga.UI\DeepSpaceSaga.UI.csproj", "{603D46E0-5A8E-4B26-9F43-878AE4F2CEF4}"
EndProject
Project("{9A19103F-16F7-4668-BE54-9A1E7A4F7556}") = "DeepSpaceSaga.Server", "DeepSpaceSaga.Server\DeepSpaceSaga.Server.csproj", "{80FE21E0-1427-42CD-BC4D-4EC90B9CBA25}"
EndProject
Project("{9A19103F-16F7-4668-BE54-9A1E7A4F7556}") = "DeepSpaceSaga.Common", "DeepSpaceSaga.Common\DeepSpaceSaga.Common.csproj", "{0BF8DBD6-9AED-49A6-ABF2-2FF735AF7482}"
EndProject
Project("{9A19103F-16F7-4668-BE54-9A1E7A4F7556}") = "DeepSpaceSaga.Tests", "DeepSpaceSaga.Tests\DeepSpaceSaga.Tests.csproj", "{3B3AF493-6058-4F66-8657-BB4A6610A4B0}"
EndProject
Project("{9A19103F-16F7-4668-BE54-9A1E7A4F7556}") = "DeepSpaceSaga.Console", "DeepSpaceSaga.Console\DeepSpaceSaga.Console.csproj", "{DBD4C71B-A53E-4224-8028-845F3D75A4AF}"
EndProject
Global
	GlobalSection(SolutionConfigurationPlatforms) = preSolution
		Debug|Any CPU = Debug|Any CPU
		Release|Any CPU = Release|Any CPU
	EndGlobalSection
	GlobalSection(ProjectConfigurationPlatforms) = postSolution
		{603D46E0-5A8E-4B26-9F43-878AE4F2CEF4}.Debug|Any CPU.ActiveCfg = Debug|Any CPU
		{603D46E0-5A8E-4B26-9F43-878AE4F2CEF4}.Debug|Any CPU.Build.0 = Debug|Any CPU
		{603D46E0-5A8E-4B26-9F43-878AE4F2CEF4}.Release|Any CPU.ActiveCfg = Release|Any CPU
		{603D46E0-5A8E-4B26-9F43-878AE4F2CEF4}.Release|Any CPU.Build.0 = Release|Any CPU
		{80FE21E0-1427-42CD-BC4D-4EC90B9CBA25}.Debug|Any CPU.ActiveCfg = Debug|Any CPU
		{80FE21E0-1427-42CD-BC4D-4EC90B9CBA25}.Debug|Any CPU.Build.0 = Debug|Any CPU
		{80FE21E0-1427-42CD-BC4D-4EC90B9CBA25}.Release|Any CPU.ActiveCfg = Release|Any CPU
		{80FE21E0-1427-42CD-BC4D-4EC90B9CBA25}.Release|Any CPU.Build.0 = Release|Any CPU
		{0BF8DBD6-9AED-49A6-ABF2-2FF735AF7482}.Debug|Any CPU.ActiveCfg = Debug|Any CPU
		{0BF8DBD6-9AED-49A6-ABF2-2FF735AF7482}.Debug|Any CPU.Build.0 = Debug|Any CPU
		{0BF8DBD6-9AED-49A6-ABF2-2FF735AF7482}.Release|Any CPU.ActiveCfg = Release|Any CPU
		{0BF8DBD6-9AED-49A6-ABF2-2FF735AF7482}.Release|Any CPU.Build.0 = Release|Any CPU
		{3B3AF493-6058-4F66-8657-BB4A6610A4B0}.Debug|Any CPU.ActiveCfg = Debug|Any CPU
		{3B3AF493-6058-4F66-8657-BB4A6610A4B0}.Debug|Any CPU.Build.0 = Debug|Any CPU
		{3B3AF493-6058-4F66-8657-BB4A6610A4B0}.Release|Any CPU.ActiveCfg = Release|Any CPU
		{3B3AF493-6058-4F66-8657-BB4A6610A4B0}.Release|Any CPU.Build.0 = Release|Any CPU
		{DBD4C71B-A53E-4224-8028-845F3D75A4AF}.Debug|Any CPU.ActiveCfg = Debug|Any CPU
		{DBD4C71B-A53E-4224-8028-845F3D75A4AF}.Debug|Any CPU.Build.0 = Debug|Any CPU
		{DBD4C71B-A53E-4224-8028-845F3D75A4AF}.Release|Any CPU.ActiveCfg = Release|Any CPU
		{DBD4C71B-A53E-4224-8028-845F3D75A4AF}.Release|Any CPU.Build.0 = Release|Any CPU
	EndGlobalSection
	GlobalSection(SolutionProperties) = preSolution
		HideSolutionNode = FALSE
	EndGlobalSection
	GlobalSection(ExtensibilityGlobals) = postSolution
		SolutionGuid = {BE2B75E4-6CB2-4D51-88FA-2A86680693C3}
	EndGlobalSection
EndGlobal
